github.com/davidsneighbour/hugo-modules/modules/debug v1.2024.31 h1:7CEHlnKq37gi+W9ICjh/lDdijkjqqRQmwWuup4tejUg=
github.com/davidsneighbour/hugo-modules/modules/debug v1.2024.31/go.mod h1:Et6m2/o2telJ6RTq4PWoTiOOyzKM486y4rJFZS1mHv0=
github.com/davidsneighbour/hugo-modules/modules/functions v1.2024.23 h1:c79be5SasSHYfhogpD8k9ia52qGaLqcSyk8SVogcT4g=
github.com/davidsneighbour/hugo-modules/modules/functions v1.2024.23/go.mod h1:y7hfQJQUUQNeOtprPVvfLp82KhwsS1ZuxU7/bEE6u1w=
github.com/davidsneighbour/hugo-modules/modules/head v1.2024.19 h1:aQuCUp3ehHnc/9r0AF5NfPchkTEHy51Yu+58WyfTZlA=
github.com/davidsneighbour/hugo-modules/modules/head v1.2024.19/go.mod h1:dQVk0NEfXRerUDKjGbc3TzoYW0ZBmtSqe0b4yEAjJU8=
github.com/davidsneighbour/hugo-modules/modules/hooks v1.2024.14 h1:vFo0PmHkTrt1dqBlWw/rKDAM8Mov4YWX37K66akSZ2w=
github.com/davidsneighbour/hugo-modules/modules/hooks v1.2024.14/go.mod h1:KJfaYDuTYL4mGeO7X7H2aC24cDRs3k+82Vnfz2UeDU0=
github.com/davidsneighbour/hugo-modules/modules/robots v1.2024.9 h1:qbWtTIPXX+sbIi4pLZTvzSlFdOVkXu1w9Z0D7cgDcqA=
github.com/davidsneighbour/hugo-modules/modules/robots v1.2024.9/go.mod h1:g5vOSsvyZOfZde3BB2GxHWHvipnfbAoWUj/xPTW9Czg=
github.com/davidsneighbour/hugo-modules/modules/sitemap v1.2024.11 h1:tQhnFXqX6kj1HJH1iTG2jSZAHcw/Ne5sQTzzqsyis1Q=
github.com/davidsneighbour/hugo-modules/modules/sitemap v1.2024.11/go.mod h1:qpCcVaaPTn1zv4k+eW0iFsiozxlBxcZgaoMRf2yVOWg=
