github.com/davidsneighbour/hugo-modules/modules/debug v1.2023.31 h1:z9TDfRoZEyDy1R0OhgIU3jlLhxk6z1DIzFCGdz79Sio=
github.com/davidsneighbour/hugo-modules/modules/debug v1.2023.31/go.mod h1:V4vumiTgQkeNnLEz0FR8YcOEqZ+Vv1FZIrKiTGmjQ8A=
github.com/davidsneighbour/hugo-modules/modules/functions v1.2024.0 h1:4TZhXQQ3PCVqj8jIkEZ2Mkkh+I6est3XMVMmESJdXGs=
github.com/davidsneighbour/hugo-modules/modules/functions v1.2024.0/go.mod h1:mMpTa/CPuBifHgzsHWORFM32ICKhDKjREQ1hKPk3oeU=
github.com/davidsneighbour/hugo-modules/modules/hooks v1.2024.1 h1:NiLbUFMJ/xk5gHw9rKm+pyjh7fcfb3Wsx8D7FFp811I=
github.com/davidsneighbour/hugo-modules/modules/hooks v1.2024.1/go.mod h1:JXvDMNx+6XC22EoBq+4ttPBMZJZUd4r5oCS2IRS/J0s=
github.com/davidsneighbour/hugo-modules/modules/icons v1.2023.3 h1:21u0zuXG2ji7EnEpKAwwzb8MV27OnPQr8SFdu7rmSFk=
github.com/davidsneighbour/hugo-modules/modules/icons v1.2023.3/go.mod h1:bOqsJdpxzt+N1E88uFQGuuQ/p9lLnkn8Ptzw6pTmOPU=
github.com/tabler/tabler-icons v2.45.0+incompatible h1:UEwHc8rMln8KK8Ioe6D47150plYSojbcgUKI/jdmEAw=
github.com/tabler/tabler-icons v2.45.0+incompatible/go.mod h1:Ap75CRdhXxprnUnPlUCRLvJ2pIFNqwxIipj3GfD6XHE=
github.com/tailwindlabs/heroicons v2.1.1+incompatible h1:lcZBlvCi4dkso6plabtqxXSZ55mULxnsmA/52tib7q8=
github.com/tailwindlabs/heroicons v2.1.1+incompatible/go.mod h1:2SHGOdw86jviBkoeQINcTfkzAAao9dciip4RsMS9xIg=
github.com/twbs/icons v1.11.3 h1:XhvrQ1XDom9ggBbQx3wQCFGEr8qAQwQP/dAcw8OXMtA=
github.com/twbs/icons v1.11.3/go.mod h1:GnRlymgVWp5iVJCMa0Me5b6tFyGpVc2bSxPMRGIJmyA=
