github.com/davidsneighbour/hugo-modules/modules/debug v1.2023.11 h1:7Ofcz4qga0QN5+8fXhU8Mf85T3H4mvpsFC5p1s1NJz0=
github.com/davidsneighbour/hugo-modules/modules/debug v1.2023.11/go.mod h1:clOvjbG0oeByJUS5PiJetnWHlddECf/POvTVcEIk8D4=
github.com/davidsneighbour/hugo-modules/modules/functions v1.2023.12 h1:haQMBFfCiIQqhlWdj1zwEOHoYtyyURx8lnEYP/uEZ+M=
github.com/davidsneighbour/hugo-modules/modules/functions v1.2023.12/go.mod h1:mMpTa/CPuBifHgzsHWORFM32ICKhDKjREQ1hKPk3oeU=
github.com/davidsneighbour/hugo-modules/modules/icons v1.2023.3 h1:21u0zuXG2ji7EnEpKAwwzb8MV27OnPQr8SFdu7rmSFk=
github.com/davidsneighbour/hugo-modules/modules/icons v1.2023.3/go.mod h1:bOqsJdpxzt+N1E88uFQGuuQ/p9lLnkn8Ptzw6pTmOPU=
github.com/tabler/tabler-icons v2.32.0+incompatible h1:dyCld/NvDljRNj/rFvmfcR5Yxp9GLtXALNenP/rHpcY=
github.com/tabler/tabler-icons v2.32.0+incompatible/go.mod h1:Ap75CRdhXxprnUnPlUCRLvJ2pIFNqwxIipj3GfD6XHE=
github.com/tailwindlabs/heroicons v2.0.18+incompatible h1:9rm5lZcJ6mT4j9F/9LDaS/Roz6hgyKkaLVbm+b4l9YY=
github.com/tailwindlabs/heroicons v2.0.18+incompatible/go.mod h1:2SHGOdw86jviBkoeQINcTfkzAAao9dciip4RsMS9xIg=
github.com/twbs/icons v1.10.5 h1:F9uvW7cGfDBAautw5aeCmnB3hw4vv3aEQGbHnzcQKaE=
github.com/twbs/icons v1.10.5/go.mod h1:GnRlymgVWp5iVJCMa0Me5b6tFyGpVc2bSxPMRGIJmyA=
