github.com/aFarkas/lazysizes v0.0.0-20210517092641-1523a4ff4579 h1:K8ukOfj0MOBEWWsL8Mzd8GXIbAf7/RHnX1hipqbjeto=
github.com/aFarkas/lazysizes v0.0.0-20210517092641-1523a4ff4579/go.mod h1:xl3heUINAn0oPowV1biDQ2Pyw1w3x66I7KEbWkaxox0=
github.com/csswizardry/ct v0.0.0-20230131155739-4e0d88c1a9ff h1:nV9EWy0+/rvtipXqDQMVeFfgyXgP9yY40bbx0h2qS+8=
github.com/csswizardry/ct v0.0.0-20230131155739-4e0d88c1a9ff/go.mod h1:OG5Jqzdk8/OaniOKZRA9w8agzQBskTkDYFCfDjwuz1A=
github.com/paulirish/lite-youtube-embed v0.2.0 h1:n5HzpYk6HrL+60Ogj1c9hJ1RaOoLj1cysscQfDh67Rw=
github.com/paulirish/lite-youtube-embed v0.2.0/go.mod h1:9nuUWCzbFF/vvl3ClpZ1KsYFi/hlKjVOkmG8E+nsGDY=
github.com/tabler/tabler-icons v2.11.0+incompatible h1:JQT9G5T30/jdNn5FdSLnbAmfRmiyE6EBrpC1M06m10w=
github.com/tabler/tabler-icons v2.11.0+incompatible/go.mod h1:Ap75CRdhXxprnUnPlUCRLvJ2pIFNqwxIipj3GfD6XHE=
github.com/tailwindlabs/heroicons v2.0.16+incompatible h1:GnkcPkfoUHPvsagQ7zLEwWYnCF/OqkLIszEQ8uyZfic=
github.com/tailwindlabs/heroicons v2.0.16+incompatible/go.mod h1:2SHGOdw86jviBkoeQINcTfkzAAao9dciip4RsMS9xIg=
github.com/twbs/icons v1.10.3 h1:8i0wcDkk04KXd2ofLtMHUERkA5OkrpAzDyBVv/PJaL0=
github.com/twbs/icons v1.10.3/go.mod h1:GnRlymgVWp5iVJCMa0Me5b6tFyGpVc2bSxPMRGIJmyA=
