github.com/davidsneighbour/hugo-debug v1.5.20 h1:pFeFy+hgASGnuibe3Ey/tf+WYB9hxp6imXGllTMzHrk=
github.com/davidsneighbour/hugo-debug v1.5.20/go.mod h1:CmaePQn6TcdiP269YMmB0ShEZI47ySDpeWkBV8T2qcU=
github.com/davidsneighbour/hugo-hooks v1.3.5 h1:2MWcJlsmUMAWTMyb6nkYYhFOCA+yx6c1uGm6jHaGr6Y=
github.com/davidsneighbour/hugo-hooks v1.3.5/go.mod h1:AM5v7lsVWD2tQFSzbDClu5Q0lwqxB7P1kpQGMMSaxXY=
