github.com/davidsneighbour/hugo-modules/modules/debug v1.2024.32 h1:GBD4McFmA6U6XOenzUkvRIU0gWVoQO92PlHlj8Rlfuk=
github.com/davidsneighbour/hugo-modules/modules/debug v1.2024.32/go.mod h1:yjFbb12/eQa4sIl+GoETWi94Vhlz1IKSoxhEpZgEWjc=
github.com/davidsneighbour/hugo-modules/modules/functions v1.2024.25 h1:/0kmnXzw2ACBwa+M6159AK9G0AWb9/wBD3gm2cpd/Gk=
github.com/davidsneighbour/hugo-modules/modules/functions v1.2024.25/go.mod h1:y7hfQJQUUQNeOtprPVvfLp82KhwsS1ZuxU7/bEE6u1w=
