github.com/davidsneighbour/hugo-modules/modules/debug v1.2024.31 h1:7CEHlnKq37gi+W9ICjh/lDdijkjqqRQmwWuup4tejUg=
github.com/davidsneighbour/hugo-modules/modules/debug v1.2024.31/go.mod h1:Et6m2/o2telJ6RTq4PWoTiOOyzKM486y4rJFZS1mHv0=
github.com/davidsneighbour/hugo-modules/modules/functions v1.2024.23 h1:c79be5SasSHYfhogpD8k9ia52qGaLqcSyk8SVogcT4g=
github.com/davidsneighbour/hugo-modules/modules/functions v1.2024.23/go.mod h1:y7hfQJQUUQNeOtprPVvfLp82KhwsS1ZuxU7/bEE6u1w=
