github.com/davidsneighbour/hugo-modules/modules/functions v1.2024.7 h1:6fWAwj+aQv7vPAFEj+2VOKLkWOnscrY6+HLqGmwYz70=
github.com/davidsneighbour/hugo-modules/modules/functions v1.2024.7/go.mod h1:y7hfQJQUUQNeOtprPVvfLp82KhwsS1ZuxU7/bEE6u1w=
github.com/davidsneighbour/hugo-modules/modules/hooks v1.2024.8 h1:/K5TC2G+K5WAhzmAs1s+jR/KvC/bmZczyXvLct5lDyo=
github.com/davidsneighbour/hugo-modules/modules/hooks v1.2024.8/go.mod h1:ctokTozvqVRW/f68mJdR2rwHd9Y0RCGOyDTqWTu+Ddc=
