github.com/davidsneighbour/hugo-modules/modules/functions v1.2023.13 h1:Y2yN1A3JTPTdgaDsDKrHXTdaYeefnVRkEuh9KIySk9A=
github.com/davidsneighbour/hugo-modules/modules/functions v1.2023.13/go.mod h1:mMpTa/CPuBifHgzsHWORFM32ICKhDKjREQ1hKPk3oeU=
github.com/davidsneighbour/hugo-modules/modules/hooks v1.2023.6 h1:t6FEBVxnjljoOz3NCELFc39l7hqXLqk6Uflnvta509Q=
github.com/davidsneighbour/hugo-modules/modules/hooks v1.2023.6/go.mod h1:Ibl3xnVbDpNQrLxgaiJRYkVBL+YddV3SsAQQLXgfj7s=
