github.com/Heydon/REVENGE.CSS v0.0.0-20200622155810-b5f5f04ac1b5 h1:it3c7bXcWnGKUXuOLswZmiDXarJbG0gRkSsfXa3+Sos=
github.com/Heydon/REVENGE.CSS v0.0.0-20200622155810-b5f5f04ac1b5/go.mod h1:XBpzr9hlUI2hdamAi4xPpys4nVjsp7eyIBAKhmP8nzs=
github.com/csswizardry/ct v0.0.0-20230131155739-4e0d88c1a9ff h1:nV9EWy0+/rvtipXqDQMVeFfgyXgP9yY40bbx0h2qS+8=
github.com/csswizardry/ct v0.0.0-20230131155739-4e0d88c1a9ff/go.mod h1:OG5Jqzdk8/OaniOKZRA9w8agzQBskTkDYFCfDjwuz1A=
