github.com/davidsneighbour/hugo-modules/modules/debug v1.2024.23 h1:zIw9510e4xvaoQaHOjzOS6PONwQM63b8EH5P+VRjtXg=
github.com/davidsneighbour/hugo-modules/modules/debug v1.2024.23/go.mod h1:4KWs3SxbathbT3PBl6g0EbKEWXEqPxVtKgedFgtx44A=
github.com/davidsneighbour/hugo-modules/modules/functions v1.2024.17 h1:l4hZ3PuWHI3s1TjKk+M/8qCyWaWFviH0V23DWSP4i/c=
github.com/davidsneighbour/hugo-modules/modules/functions v1.2024.17/go.mod h1:y7hfQJQUUQNeOtprPVvfLp82KhwsS1ZuxU7/bEE6u1w=
github.com/davidsneighbour/hugo-modules/modules/hooks v1.2024.10 h1:uZvqZhjtvkLK3YcMVs3mb/ZSPiysMFmnwissYGbveOY=
github.com/davidsneighbour/hugo-modules/modules/hooks v1.2024.10/go.mod h1:zaMsLzURLAhuLJQYAsWiGmbO6yFoLEttyG1XxCSL8ZU=
