github.com/davidsneighbour/hugo-modules/modules/debug v1.2024.5 h1:Szq3fkROEzF7rcL1uCVsryozeF+oG3sBBW8nss/jJJ8=
github.com/davidsneighbour/hugo-modules/modules/debug v1.2024.5/go.mod h1:Y5hMznpym+EBY2ZtEzoHiV5m+dzZ1hkPQbq5JuxJJ0c=
github.com/davidsneighbour/hugo-modules/modules/functions v1.2024.1 h1:1KvjWVXMTqyEls1m+1s05GgFRgfy9V1+Y1LUjcfd0tY=
github.com/davidsneighbour/hugo-modules/modules/functions v1.2024.1/go.mod h1:y7hfQJQUUQNeOtprPVvfLp82KhwsS1ZuxU7/bEE6u1w=
github.com/davidsneighbour/hugo-modules/modules/hooks v1.2024.4 h1:cWlegNi2taWcuBka0UlNYo5kPepsxcd6QgIDvSqYWaI=
github.com/davidsneighbour/hugo-modules/modules/hooks v1.2024.4/go.mod h1:Png5i0PiWvj6OIxVs4/xa52KQkX/q+hJLw8za6Y+sVI=
