github.com/davidsneighbour/hugo-modules/modules/debug v1.2024.26 h1:lqhq1fVY3fz9QI5OqTTs5qHL4wmLQaIueuutK1PLe9c=
github.com/davidsneighbour/hugo-modules/modules/debug v1.2024.26/go.mod h1:YlRlg/N61MQTn0eELPJgWFw9ryfjK0o3vgMV3MqSS58=
github.com/davidsneighbour/hugo-modules/modules/functions v1.2024.17 h1:l4hZ3PuWHI3s1TjKk+M/8qCyWaWFviH0V23DWSP4i/c=
github.com/davidsneighbour/hugo-modules/modules/functions v1.2024.17/go.mod h1:y7hfQJQUUQNeOtprPVvfLp82KhwsS1ZuxU7/bEE6u1w=
github.com/davidsneighbour/hugo-modules/modules/hooks v1.2024.11 h1:2hDnqcw77NcdgdI7UugAT6FwYAOKIPf+c8DVlHoFK8s=
github.com/davidsneighbour/hugo-modules/modules/hooks v1.2024.11/go.mod h1:EswQc9RBmz1UyfDZtJJRaIzsR87pNTzsJjt8YbgBsR4=
