github.com/paulirish/lite-youtube-embed v0.3.1 h1:nkQkH6INHRirNQNH8/qvma1tHVdQNr02AWvlyhD1eBk=
github.com/paulirish/lite-youtube-embed v0.3.1/go.mod h1:9nuUWCzbFF/vvl3ClpZ1KsYFi/hlKjVOkmG8E+nsGDY=
github.com/paulirish/lite-youtube-embed v0.3.2 h1:VRSrJIlgui0Ldrl+/RmNvphLjour/W6CB0QtrZVJrpE=
github.com/paulirish/lite-youtube-embed v0.3.2/go.mod h1:9nuUWCzbFF/vvl3ClpZ1KsYFi/hlKjVOkmG8E+nsGDY=
