github.com/davidsneighbour/hugo-modules/modules/debug v1.2024.0 h1:Zbuh73iqTRjs62/s7fB0pLeZ4n59jAllbmT76794bEs=
github.com/davidsneighbour/hugo-modules/modules/debug v1.2024.0/go.mod h1:llu9bxa3/HSDaeJDTh0QyNa7snE9AdV+IyuNaLVFQ4E=
github.com/davidsneighbour/hugo-modules/modules/functions v1.2024.0 h1:4TZhXQQ3PCVqj8jIkEZ2Mkkh+I6est3XMVMmESJdXGs=
github.com/davidsneighbour/hugo-modules/modules/functions v1.2024.0/go.mod h1:mMpTa/CPuBifHgzsHWORFM32ICKhDKjREQ1hKPk3oeU=
github.com/davidsneighbour/hugo-modules/modules/hooks v1.2024.1 h1:NiLbUFMJ/xk5gHw9rKm+pyjh7fcfb3Wsx8D7FFp811I=
github.com/davidsneighbour/hugo-modules/modules/hooks v1.2024.1/go.mod h1:JXvDMNx+6XC22EoBq+4ttPBMZJZUd4r5oCS2IRS/J0s=
