github.com/davidsneighbour/hugo-modules/modules/debug v1.2024.32 h1:GBD4McFmA6U6XOenzUkvRIU0gWVoQO92PlHlj8Rlfuk=
github.com/davidsneighbour/hugo-modules/modules/debug v1.2024.32/go.mod h1:yjFbb12/eQa4sIl+GoETWi94Vhlz1IKSoxhEpZgEWjc=
github.com/davidsneighbour/hugo-modules/modules/functions v1.2024.23 h1:c79be5SasSHYfhogpD8k9ia52qGaLqcSyk8SVogcT4g=
github.com/davidsneighbour/hugo-modules/modules/functions v1.2024.23/go.mod h1:y7hfQJQUUQNeOtprPVvfLp82KhwsS1ZuxU7/bEE6u1w=
github.com/davidsneighbour/hugo-modules/modules/hooks v1.2024.14 h1:vFo0PmHkTrt1dqBlWw/rKDAM8Mov4YWX37K66akSZ2w=
github.com/davidsneighbour/hugo-modules/modules/hooks v1.2024.14/go.mod h1:KJfaYDuTYL4mGeO7X7H2aC24cDRs3k+82Vnfz2UeDU0=
