github.com/tabler/tabler-icons v2.9.0+incompatible h1:sgwkTmkdliXvJGjo44XxICTAv1xwh0J9KiAjCVDFBlI=
github.com/tabler/tabler-icons v2.9.0+incompatible/go.mod h1:Ap75CRdhXxprnUnPlUCRLvJ2pIFNqwxIipj3GfD6XHE=
github.com/tailwindlabs/heroicons v2.0.16+incompatible h1:GnkcPkfoUHPvsagQ7zLEwWYnCF/OqkLIszEQ8uyZfic=
github.com/tailwindlabs/heroicons v2.0.16+incompatible/go.mod h1:2SHGOdw86jviBkoeQINcTfkzAAao9dciip4RsMS9xIg=
github.com/twbs/icons v1.10.3 h1:8i0wcDkk04KXd2ofLtMHUERkA5OkrpAzDyBVv/PJaL0=
github.com/twbs/icons v1.10.3/go.mod h1:GnRlymgVWp5iVJCMa0Me5b6tFyGpVc2bSxPMRGIJmyA=
