github.com/tabler/tabler-icons v2.46.0+incompatible h1:KGuULX9iohUaGOsXHsBxoMuPiWsJDZ7Dw4bLaJB21o0=
github.com/tabler/tabler-icons v2.46.0+incompatible/go.mod h1:Ap75CRdhXxprnUnPlUCRLvJ2pIFNqwxIipj3GfD6XHE=
github.com/tailwindlabs/heroicons v2.1.1+incompatible h1:lcZBlvCi4dkso6plabtqxXSZ55mULxnsmA/52tib7q8=
github.com/tailwindlabs/heroicons v2.1.1+incompatible/go.mod h1:2SHGOdw86jviBkoeQINcTfkzAAao9dciip4RsMS9xIg=
github.com/twbs/icons v1.11.3 h1:XhvrQ1XDom9ggBbQx3wQCFGEr8qAQwQP/dAcw8OXMtA=
github.com/twbs/icons v1.11.3/go.mod h1:GnRlymgVWp5iVJCMa0Me5b6tFyGpVc2bSxPMRGIJmyA=
